# THIS IS AN AUTOGENERATED FILE. DO NOT EDIT THIS FILE DIRECTLY.
# yarn lockfile v1


"@babel/code-frame@^7.0.0":
  version "7.5.5"
  resolved "https://registry.yarnpkg.com/@babel/code-frame/-/code-frame-7.5.5.tgz#bc0782f6d69f7b7d49531219699b988f669a8f9d"
  integrity sha512-27d4lZoomVyo51VegxI20xZPuSHusqbQag/ztrBC7wegWoQ1nLREPVSKSW8byhTlzTKyNE4ifaTA6lCp7JjpFw==
  dependencies:
    "@babel/highlight" "^7.0.0"

"@babel/highlight@^7.0.0":
  version "7.5.0"
  resolved "https://registry.yarnpkg.com/@babel/highlight/-/highlight-7.5.0.tgz#56d11312bd9248fa619591d02472be6e8cb32540"
  integrity sha512-7dV4eu9gBxoM0dAnj/BCFDW9LFU0zvTrkq0ugM7pnHEgguOEeOz1so2ZghEdzviYzQEED0r4EAgpsBChKy1TRQ==
  dependencies:
    chalk "^2.0.0"
    esutils "^2.0.2"
    js-tokens "^4.0.0"

"@flaque/use-timeout@^1.2.1":
  version "1.2.1"
  resolved "https://registry.yarnpkg.com/@flaque/use-timeout/-/use-timeout-1.2.1.tgz#acf4b48b33199ac1492b3d9ab3cc9571c7c801bf"
  integrity sha512-zvHa6rSrnc0MqzVzTkrUq9SZ0Iz5A/7B/4OGLryVd2MUaSH6ppCuljtZbF56qY9XRMybeC88Ldu6s/wF7ZVIYw==
  dependencies:
    tslib latest

"@types/lodash@^4.14.144":
  version "4.14.144"
  resolved "https://registry.yarnpkg.com/@types/lodash/-/lodash-4.14.144.tgz#12e57fc99064bce45e5ab3c8bc4783feb75eab8e"
  integrity sha512-ogI4g9W5qIQQUhXAclq6zhqgqNUr7UlFaqDHbch7WLSLeeM/7d3CRaw7GLajxvyFvhJqw4Rpcz5bhoaYtIx6Tg==

"@types/node@latest":
  version "12.7.12"
  resolved "https://registry.yarnpkg.com/@types/node/-/node-12.7.12.tgz#7c6c571cc2f3f3ac4a59a5f2bd48f5bdbc8653cc"
  integrity sha512-KPYGmfD0/b1eXurQ59fXD1GBzhSQfz6/lKBxkaHX9dKTzjXbK68Zt7yGUxUsCS1jeTy/8aL+d9JEr+S54mpkWQ==

"@types/prop-types@*":
  version "15.7.3"
  resolved "https://registry.yarnpkg.com/@types/prop-types/-/prop-types-15.7.3.tgz#2ab0d5da2e5815f94b0b9d4b95d1e5f243ab2ca7"
  integrity sha512-KfRL3PuHmqQLOG+2tGpRO26Ctg+Cq1E01D2DMriKEATHgWLfeNDmq9e29Q9WIky0dQ3NPkd1mzYH8Lm936Z9qw==

"@types/react@*", "@types/react@^16.9.5":
  version "16.9.5"
  resolved "https://registry.yarnpkg.com/@types/react/-/react-16.9.5.tgz#079dabd918b19b32118c25fd00a786bb6d0d5e51"
  integrity sha512-jQ12VMiFOWYlp+j66dghOWcmDDwhca0bnlcTxS4Qz/fh5gi6wpaZDthPEu/Gc/YlAuO87vbiUXL8qKstFvuOaA==
  dependencies:
    "@types/prop-types" "*"
    csstype "^2.2.0"

"@types/slate-react@^0.22.5":
  version "0.22.5"
  resolved "https://registry.yarnpkg.com/@types/slate-react/-/slate-react-0.22.5.tgz#a10796758aa6b3133e1c777959facbf8806959f7"
  integrity sha512-WKJic5LlNRNUCnD6lEdlOZCcXWoDN8Ais2CmwVMn8pdt5Kh8hJsTYhXawNxOShPIOLVB+G+aVZNAXAAubEOpaw==
  dependencies:
    "@types/react" "*"
    "@types/slate" "*"
    immutable "^3.8.2"

"@types/slate@*", "@types/slate@^0.47.1":
  version "0.47.1"
  resolved "https://registry.yarnpkg.com/@types/slate/-/slate-0.47.1.tgz#6c66f82df085c764039eea2229be763f7e1906fd"
  integrity sha512-2ZlnWI6/RYMXxeGFIeZtvmaXAeYAJh4ZVumziqVl77/liNEi9hOwkUTU2zFu+j/z21v385I2WVPl8sgadxfzXg==
  dependencies:
    "@types/react" "*"
    immutable "^3.8.2"

ansi-styles@^3.2.1:
  version "3.2.1"
  resolved "https://registry.yarnpkg.com/ansi-styles/-/ansi-styles-3.2.1.tgz#41fbb20243e50b12be0f04b8dedbf07520ce841d"
  integrity sha512-VT0ZI6kZRdTh8YyJw3SMbYm/u+NqfsAxEpWO0Pf9sq8/e94WxxOpPKx9FR1FlyCtOVDNOQ+8ntlqFxiRc+r5qA==
  dependencies:
    color-convert "^1.9.0"

arg@^4.1.0:
  version "4.1.1"
  resolved "https://registry.yarnpkg.com/arg/-/arg-4.1.1.tgz#485f8e7c390ce4c5f78257dbea80d4be11feda4c"
  integrity sha512-SlmP3fEA88MBv0PypnXZ8ZfJhwmDeIE3SP71j37AiXQBXYosPV0x6uISAaHYSlSVhmHOVkomen0tbGk6Anlebw==

argparse@^1.0.7:
  version "1.0.10"
  resolved "https://registry.yarnpkg.com/argparse/-/argparse-1.0.10.tgz#bcd6791ea5ae09725e17e5ad988134cd40b3d911"
  integrity sha512-o5Roy6tNG4SL/FOkCAN6RzjiakZS25RLYFrcMttJqbdd8BWrnA+fGz57iN5Pb06pvBGvl5gQ0B48dJlslXvoTg==
  dependencies:
    sprintf-js "~1.0.2"

balanced-match@^1.0.0:
  version "1.0.0"
  resolved "https://registry.yarnpkg.com/balanced-match/-/balanced-match-1.0.0.tgz#89b4d199ab2bee49de164ea02b89ce462d71b767"
  integrity sha1-ibTRmasr7kneFk6gK4nORi1xt2c=

brace-expansion@^1.1.7:
  version "1.1.11"
  resolved "https://registry.yarnpkg.com/brace-expansion/-/brace-expansion-1.1.11.tgz#3c7fcbf529d87226f3d2f52b966ff5271eb441dd"
  integrity sha512-iCuPHDFgrHX7H2vEI/5xpz07zSHB00TpugqhmYtVmMO6518mCuRMoOYFldEBl0g187ufozdaHgWKcYFb61qGiA==
  dependencies:
    balanced-match "^1.0.0"
    concat-map "0.0.1"

buffer-from@^1.0.0:
  version "1.1.1"
  resolved "https://registry.yarnpkg.com/buffer-from/-/buffer-from-1.1.1.tgz#32713bc028f75c02fdb710d7c7bcec1f2c6070ef"
  integrity sha512-MQcXEUbCKtEo7bhqEs6560Hyd4XaovZlO/k9V3hjVUF/zwW7KBVdSK4gIt/bzwS9MbR5qob+F5jusZsb0YQK2A==

builtin-modules@^1.1.1:
  version "1.1.1"
  resolved "https://registry.yarnpkg.com/builtin-modules/-/builtin-modules-1.1.1.tgz#270f076c5a72c02f5b65a47df94c5fe3a278892f"
  integrity sha1-Jw8HbFpywC9bZaR9+Uxf46J4iS8=

chalk@^2.0.0, chalk@^2.3.0:
  version "2.4.2"
  resolved "https://registry.yarnpkg.com/chalk/-/chalk-2.4.2.tgz#cd42541677a54333cf541a49108c1432b44c9424"
  integrity sha512-Mti+f9lpJNcwF4tWV8/OrTTtF1gZi+f8FqlyAdouralcFWFQWF2+NgCHShjkCb+IFBLq9buZwE1xckQU4peSuQ==
  dependencies:
    ansi-styles "^3.2.1"
    escape-string-regexp "^1.0.5"
    supports-color "^5.3.0"

color-convert@^1.9.0:
  version "1.9.3"
  resolved "https://registry.yarnpkg.com/color-convert/-/color-convert-1.9.3.tgz#bb71850690e1f136567de629d2d5471deda4c1e8"
  integrity sha512-QfAUtd+vFdAtFQcC8CCyYt1fYWxSqAiK2cSD6zDB8N3cpsEBAvRxp9zOGg6G/SHHJYAT88/az/IuDGALsNVbGg==
  dependencies:
    color-name "1.1.3"

color-name@1.1.3:
  version "1.1.3"
  resolved "https://registry.yarnpkg.com/color-name/-/color-name-1.1.3.tgz#a7d0558bd89c42f795dd42328f740831ca53bc25"
  integrity sha1-p9BVi9icQveV3UIyj3QIMcpTvCU=

commander@^2.12.1:
  version "2.20.1"
  resolved "https://registry.yarnpkg.com/commander/-/commander-2.20.1.tgz#3863ce3ca92d0831dcf2a102f5fb4b5926afd0f9"
  integrity sha512-cCuLsMhJeWQ/ZpsFTbE765kvVfoeSddc4nU3up4fV+fDBcfUXnbITJ+JzhkdjzOqhURjZgujxaioam4RM9yGUg==

concat-map@0.0.1:
  version "0.0.1"
  resolved "https://registry.yarnpkg.com/concat-map/-/concat-map-0.0.1.tgz#d8a96bd77fd68df7793a73036a3ba0d5405d477b"
  integrity sha1-2Klr13/Wjfd5OnMDajug1UBdR3s=

csstype@^2.2.0:
  version "2.6.7"
  resolved "https://registry.yarnpkg.com/csstype/-/csstype-2.6.7.tgz#20b0024c20b6718f4eda3853a1f5a1cce7f5e4a5"
  integrity sha512-9Mcn9sFbGBAdmimWb2gLVDtFJzeKtDGIr76TUqmjZrw9LFXBMSU70lcs+C0/7fyCd6iBDqmksUcCOUIkisPHsQ==

debug@^3.1.0:
  version "3.2.6"
  resolved "https://registry.yarnpkg.com/debug/-/debug-3.2.6.tgz#e83d17de16d8a7efb7717edbe5fb10135eee629b"
  integrity sha512-mel+jf7nrtEl5Pn1Qx46zARXKDpBbvzezse7p7LqINmdoIk8PYP5SySaxEmYv6TZ0JyEKA1hsCId6DIhgITtWQ==
  dependencies:
    ms "^2.1.1"

diff@^4.0.1:
  version "4.0.1"
  resolved "https://registry.yarnpkg.com/diff/-/diff-4.0.1.tgz#0c667cb467ebbb5cea7f14f135cc2dba7780a8ff"
  integrity sha512-s2+XdvhPCOF01LRQBC8hf4vhbVmI2CGS5aZnxLJlT5FtdhPCDFq80q++zK2KlrVorVDdL5BOGZ/VfLrVtYNF+Q==

direction@^0.1.5:
  version "0.1.5"
  resolved "https://registry.yarnpkg.com/direction/-/direction-0.1.5.tgz#ce5d797f97e26f8be7beff53f7dc40e1c1a9ec4c"
  integrity sha1-zl15f5fib4vnvv9T99xA4cGp7Ew=

escape-string-regexp@^1.0.5:
  version "1.0.5"
  resolved "https://registry.yarnpkg.com/escape-string-regexp/-/escape-string-regexp-1.0.5.tgz#1b61c0562190a8dff6ae3bb2cf0200ca130b86d4"
  integrity sha1-G2HAViGQqN/2rjuyzwIAyhMLhtQ=

esprima@^4.0.0:
  version "4.0.1"
  resolved "https://registry.yarnpkg.com/esprima/-/esprima-4.0.1.tgz#13b04cdb3e6c5d19df91ab6987a8695619b0aa71"
  integrity sha512-eGuFFw7Upda+g4p+QHvnW0RyTX/SVeJBDM/gCtMARO0cLuT2HcEKnTPvhjV6aGeqrCB/sbNop0Kszm0jsaWU4A==

esrever@^0.2.0:
  version "0.2.0"
  resolved "https://registry.yarnpkg.com/esrever/-/esrever-0.2.0.tgz#96e9d28f4f1b1a76784cd5d490eaae010e7407b8"
  integrity sha1-lunSj08bGnZ4TNXUkOquAQ50B7g=

esutils@^2.0.2:
  version "2.0.3"
  resolved "https://registry.yarnpkg.com/esutils/-/esutils-2.0.3.tgz#74d2eb4de0b8da1293711910d50775b9b710ef64"
  integrity sha512-kVscqXk4OCp68SZ0dkgEKVi6/8ij300KBWTJq32P/dYeWTSwK41WyTxalN1eRmA5Z9UU/LX9D7FWSmV9SAYx6g==

fs.realpath@^1.0.0:
  version "1.0.0"
  resolved "https://registry.yarnpkg.com/fs.realpath/-/fs.realpath-1.0.0.tgz#1504ad2523158caa40db4a2787cb01411994ea4f"
  integrity sha1-FQStJSMVjKpA20onh8sBQRmU6k8=

get-document@1:
  version "1.0.0"
  resolved "https://registry.yarnpkg.com/get-document/-/get-document-1.0.0.tgz#4821bce66f1c24cb0331602be6cb6b12c4f01c4b"
  integrity sha1-SCG85m8cJMsDMWAr5strEsTwHEs=

get-window@^1.1.1:
  version "1.1.2"
  resolved "https://registry.yarnpkg.com/get-window/-/get-window-1.1.2.tgz#65fbaa999fb87f86ea5d30770f4097707044f47f"
  integrity sha512-yjWpFcy9fjhLQHW1dPtg9ga4pmizLY8y4ZSHdGrAQ1NU277MRhnGnnLPxe19X8W5lWVsCZz++5xEuNozWMVmTw==
  dependencies:
    get-document "1"

glob@^7.1.1:
  version "7.1.4"
  resolved "https://registry.yarnpkg.com/glob/-/glob-7.1.4.tgz#aa608a2f6c577ad357e1ae5a5c26d9a8d1969255"
  integrity sha512-hkLPepehmnKk41pUGm3sYxoFs/umurYfYJCerbXEyFIWcAzvpipAgVkBqqT9RBKMGjnq6kMuyYwha6csxbiM1A==
  dependencies:
    fs.realpath "^1.0.0"
    inflight "^1.0.4"
    inherits "2"
    minimatch "^3.0.4"
    once "^1.3.0"
    path-is-absolute "^1.0.0"

has-flag@^3.0.0:
  version "3.0.0"
  resolved "https://registry.yarnpkg.com/has-flag/-/has-flag-3.0.0.tgz#b5d454dc2199ae225699f3467e5a07f3b955bafd"
  integrity sha1-tdRU3CGZriJWmfNGfloH87lVuv0=

immutable@^3.8.2:
  version "3.8.2"
  resolved "https://registry.yarnpkg.com/immutable/-/immutable-3.8.2.tgz#c2439951455bb39913daf281376f1530e104adf3"
  integrity sha1-wkOZUUVbs5kT2vKBN28VMOEErfM=

inflight@^1.0.4:
  version "1.0.6"
  resolved "https://registry.yarnpkg.com/inflight/-/inflight-1.0.6.tgz#49bd6331d7d02d0c09bc910a1075ba8165b56df9"
  integrity sha1-Sb1jMdfQLQwJvJEKEHW6gWW1bfk=
  dependencies:
    once "^1.3.0"
    wrappy "1"

inherits@2:
  version "2.0.4"
  resolved "https://registry.yarnpkg.com/inherits/-/inherits-2.0.4.tgz#0fa2c64f932917c3433a0ded55363aae37416b7c"
  integrity sha512-k/vGaX4/Yla3WzyMCvTQOXYeIHvqOKtnqBduzTHpzpQZzAskKMhZ2K+EnBiSM9zGSoIFeMpXKxa4dYeZIQqewQ==

is-hotkey@0.1.4:
  version "0.1.4"
  resolved "https://registry.yarnpkg.com/is-hotkey/-/is-hotkey-0.1.4.tgz#c34d2c85d6ec8d09a871dcf71931c8067a824c7d"
  integrity sha512-Py+aW4r5mBBY18TGzGz286/gKS+fCQ0Hee3qkaiSmEPiD0PqFpe0wuA3l7rTOUKyeXl8Mxf3XzJxIoTlSv+kxA==

is-in-browser@^1.1.3:
  version "1.1.3"
  resolved "https://registry.yarnpkg.com/is-in-browser/-/is-in-browser-1.1.3.tgz#56ff4db683a078c6082eb95dad7dc62e1d04f835"
  integrity sha1-Vv9NtoOgeMYILrldrX3GLh0E+DU=

is-plain-object@^2.0.4:
  version "2.0.4"
  resolved "https://registry.yarnpkg.com/is-plain-object/-/is-plain-object-2.0.4.tgz#2c163b3fafb1b606d9d17928f05c2a1c38e07677"
  integrity sha512-h5PpgXkWitc38BBMYawTYMWJHFZJVnBquFE57xFpjB8pJFiF6gZ+bU+WyI/yqXiFR5mdLsgYNaPe8uao6Uv9Og==
  dependencies:
    isobject "^3.0.1"

is-window@^1.0.2:
  version "1.0.2"
  resolved "https://registry.yarnpkg.com/is-window/-/is-window-1.0.2.tgz#2c896ca53db97de45d3c33133a65d8c9f563480d"
  integrity sha1-LIlspT25feRdPDMTOmXYyfVjSA0=

isobject@^3.0.1:
  version "3.0.1"
  resolved "https://registry.yarnpkg.com/isobject/-/isobject-3.0.1.tgz#4e431e92b11a9731636aa1f9c8d1ccbcfdab78df"
  integrity sha1-TkMekrEalzFjaqH5yNHMvP2reN8=

isomorphic-base64@^1.0.2:
  version "1.0.2"
  resolved "https://registry.yarnpkg.com/isomorphic-base64/-/isomorphic-base64-1.0.2.tgz#f426aae82569ba8a4ec5ca73ad21a44ab1ee7803"
  integrity sha1-9Caq6CVpuopOxcpzrSGkSrHueAM=

"js-tokens@^3.0.0 || ^4.0.0", js-tokens@^4.0.0:
  version "4.0.0"
  resolved "https://registry.yarnpkg.com/js-tokens/-/js-tokens-4.0.0.tgz#19203fb59991df98e3a287050d4647cdeaf32499"
  integrity sha512-RdJUflcE3cUzKiMqQgsCu06FPu9UdIJO0beYbPhHN4k6apgJtifcoCtT9bcxOpYBtpD2kCM6Sbzg4CausW/PKQ==

js-yaml@^3.13.1:
  version "3.13.1"
  resolved "https://registry.yarnpkg.com/js-yaml/-/js-yaml-3.13.1.tgz#aff151b30bfdfa8e49e05da22e7415e9dfa37847"
  integrity sha512-YfbcO7jXDdyj0DGxYVSlSeQNHbD7XPWvrVWeVUujrQEoZzWJIRrCPoyk6kL6IAjAG2IolMK4T0hNUe0HOUs5Jw==
  dependencies:
    argparse "^1.0.7"
    esprima "^4.0.0"

lodash@^4.1.1, lodash@^4.17.15, lodash@^4.17.4:
  version "4.17.19"
  resolved "https://registry.yarnpkg.com/lodash/-/lodash-4.17.19.tgz#e48ddedbe30b3321783c5b4301fbd353bc1e4a4b"
  integrity sha512-JNvd8XER9GQX0v2qJgsaN/mzFCNA5BRe/j8JN9d+tWyGLSodKQHKFicdwNYzWwI3wjRnaKPsGj1XkBjx/F96DQ==

loose-envify@^1.4.0:
  version "1.4.0"
  resolved "https://registry.yarnpkg.com/loose-envify/-/loose-envify-1.4.0.tgz#71ee51fa7be4caec1a63839f7e682d8132d30caf"
  integrity sha512-lyuxPGr/Wfhrlem2CL/UcnUc1zcqKAImBDzukY7Y5F/yQiNdko6+fRLevlw1HgMySw7f611UIY408EtxRSoK3Q==
  dependencies:
    js-tokens "^3.0.0 || ^4.0.0"

make-error@^1.1.1:
  version "1.3.5"
  resolved "https://registry.yarnpkg.com/make-error/-/make-error-1.3.5.tgz#efe4e81f6db28cadd605c70f29c831b58ef776c8"
  integrity sha512-c3sIjNUow0+8swNwVpqoH4YCShKNFkMaw6oH1mNS2haDZQqkeZFlHS3dhoeEbKKmJB4vXpJucU6oH75aDYeE9g==

memoize-one@^4.0.0:
  version "4.1.0"
  resolved "https://registry.yarnpkg.com/memoize-one/-/memoize-one-4.1.0.tgz#a2387c58c03fff27ca390c31b764a79addf3f906"
  integrity sha512-2GApq0yI/b22J2j9rhbrAlsHb0Qcz+7yWxeLG8h+95sl1XPUgeLimQSOdur4Vw7cUhrBHwaUZxWFZueojqNRzA==

minimatch@^3.0.4:
  version "3.0.4"
  resolved "https://registry.yarnpkg.com/minimatch/-/minimatch-3.0.4.tgz#5166e286457f03306064be5497e8dbb0c3d32083"
  integrity sha512-yJHVQEhyqPLUTgt9B83PXu6W3rx4MvvHvSUvToogpwoGDOUQ+yDrR0HRot+yOCdCO7u4hX3pWft6kWBBcqh0UA==
  dependencies:
    brace-expansion "^1.1.7"

minimist@0.0.8:
  version "0.0.8"
  resolved "https://registry.yarnpkg.com/minimist/-/minimist-0.0.8.tgz#857fcabfc3397d2625b8228262e86aa7a011b05d"
  integrity sha1-hX/Kv8M5fSYluCKCYuhqp6ARsF0=

mkdirp@^0.5.1:
  version "0.5.1"
  resolved "https://registry.yarnpkg.com/mkdirp/-/mkdirp-0.5.1.tgz#30057438eac6cf7f8c4767f38648d6697d75c903"
  integrity sha1-MAV0OOrGz3+MR2fzhkjWaX11yQM=
  dependencies:
    minimist "0.0.8"

ms@^2.1.1:
  version "2.1.2"
  resolved "https://registry.yarnpkg.com/ms/-/ms-2.1.2.tgz#d09d1f357b443f493382a8eb3ccd183872ae6009"
  integrity sha512-sGkPx+VjMtmA6MX27oA4FBFELFCZZ4S4XqeGOXCv68tT+jb3vk/RyaKWP0PTKyWtmLSM0b+adUTEvbs1PEaH2w==

object-assign@^4.1.1:
  version "4.1.1"
  resolved "https://registry.yarnpkg.com/object-assign/-/object-assign-4.1.1.tgz#2109adc7965887cfc05cbbd442cac8bfbb360863"
  integrity sha1-IQmtx5ZYh8/AXLvUQsrIv7s2CGM=

once@^1.3.0:
  version "1.4.0"
  resolved "https://registry.yarnpkg.com/once/-/once-1.4.0.tgz#583b1aa775961d4b113ac17d9c50baef9dd76bd1"
  integrity sha1-WDsap3WWHUsROsF9nFC6753Xa9E=
  dependencies:
    wrappy "1"

path-is-absolute@^1.0.0:
  version "1.0.1"
  resolved "https://registry.yarnpkg.com/path-is-absolute/-/path-is-absolute-1.0.1.tgz#174b9268735534ffbc7ace6bf53a5a9e1b5c5f5f"
  integrity sha1-F0uSaHNVNP+8es5r9TpanhtcX18=

path-parse@^1.0.6:
  version "1.0.6"
  resolved "https://registry.yarnpkg.com/path-parse/-/path-parse-1.0.6.tgz#d62dbb5679405d72c4737ec58600e9ddcf06d24c"
  integrity sha512-GSmOT2EbHrINBf9SR7CDELwlJ8AENk3Qn7OikK4nFYAu3Ote2+JYNVvkpAEQm3/TLNEJFD/xZJjzyxg3KBWOzw==

prop-types@^15.5.8:
  version "15.7.2"
  resolved "https://registry.yarnpkg.com/prop-types/-/prop-types-15.7.2.tgz#52c41e75b8c87e72b9d9360e0206b99dcbffa6c5"
  integrity sha512-8QQikdH7//R2vurIJSutZ1smHYTcLpRWEOlHnzcWHmBYrOGUysKwSsrC89BCiFj3CbrfJ/nXFdJepOVrY1GCHQ==
  dependencies:
    loose-envify "^1.4.0"
    object-assign "^4.1.1"
    react-is "^16.8.1"

react-immutable-proptypes@^2.1.0:
  version "2.1.0"
  resolved "https://registry.yarnpkg.com/react-immutable-proptypes/-/react-immutable-proptypes-2.1.0.tgz#023d6f39bb15c97c071e9e60d00d136eac5fa0b4"
  integrity sha1-Aj1vObsVyXwHHp5g0A0TbqxfoLQ=

react-is@^16.8.1:
  version "16.10.2"
  resolved "https://registry.yarnpkg.com/react-is/-/react-is-16.10.2.tgz#984120fd4d16800e9a738208ab1fba422d23b5ab"
  integrity sha512-INBT1QEgtcCCgvccr5/86CfD71fw9EPmDxgiJX4I2Ddr6ZsV6iFXsuby+qWJPtmNuMY0zByTsG4468P7nHuNWA==

resolve@^1.3.2:
  version "1.12.0"
  resolved "https://registry.yarnpkg.com/resolve/-/resolve-1.12.0.tgz#3fc644a35c84a48554609ff26ec52b66fa577df6"
  integrity sha512-B/dOmuoAik5bKcD6s6nXDCjzUKnaDvdkRyAk6rsmsKLipWj4797iothd7jmmUhWTfinVMU+wc56rYKsit2Qy4w==
  dependencies:
    path-parse "^1.0.6"

selection-is-backward@^1.0.0:
  version "1.0.0"
  resolved "https://registry.yarnpkg.com/selection-is-backward/-/selection-is-backward-1.0.0.tgz#97a54633188a511aba6419fc5c1fa91b467e6be1"
  integrity sha1-l6VGMxiKURq6ZBn8XB+pG0Z+a+E=

semver@^5.3.0:
  version "5.7.1"
  resolved "https://registry.yarnpkg.com/semver/-/semver-5.7.1.tgz#a954f931aeba508d307bbf069eff0c01c96116f7"
  integrity sha512-sauaDf/PZdVgrLTNYHRtpXa1iRiKcaebiKQ1BJdpQlWH2lCvexQdX55snPFyK7QzpudqbCI0qXFfOasHdyNDGQ==

slate-base64-serializer@^0.2.111:
  version "0.2.111"
  resolved "https://registry.yarnpkg.com/slate-base64-serializer/-/slate-base64-serializer-0.2.111.tgz#22ba7d32aa4650f6bbd25c26ffe11f5d021959d6"
  integrity sha512-pEsbxz4msVSCCCkn7rX+lHXxUj/oddcR4VsIYwWeQQLm9Uw7Ovxja4rQ/hVFcQqoU2DIjITRwBR9pv3RyS+PZQ==
  dependencies:
    isomorphic-base64 "^1.0.2"

slate-dev-environment@^0.2.2:
  version "0.2.2"
  resolved "https://registry.yarnpkg.com/slate-dev-environment/-/slate-dev-environment-0.2.2.tgz#bd8946e1fe4cf5447060c84a362a1d026ed8b77f"
  integrity sha512-JZ09llrRQu6JUsLJCUlGC0lB1r1qIAabAkSd454iyYBq6lDuY//Bypi3Jo8yzIfzZ4+mRLdQvl9e8MbeM9l48Q==
  dependencies:
    is-in-browser "^1.1.3"

slate-hotkeys@^0.2.9:
  version "0.2.9"
  resolved "https://registry.yarnpkg.com/slate-hotkeys/-/slate-hotkeys-0.2.9.tgz#0cc9eb750a49ab9ef11601305b7c82b5402348e3"
  integrity sha512-y+C/s5vJEmBxo8fIqHmUcdViGwALL/A6Qow3sNG1OHYD5SI11tC2gfYtGbPh+2q0H7O4lufffCmFsP5bMaDHqA==
  dependencies:
    is-hotkey "0.1.4"
    slate-dev-environment "^0.2.2"

slate-plain-serializer@^0.7.10:
  version "0.7.10"
  resolved "https://registry.yarnpkg.com/slate-plain-serializer/-/slate-plain-serializer-0.7.10.tgz#bc4a6942cf52fde826019bb1095dffd0dac8cc08"
  integrity sha512-/QvMCQ0F3NzbnuoW+bxsLIChPdRgxBjQeGhYhpRGTVvlZCLOmfDvavhN6fHsuEwkvdwOmocNF30xT1WVlmibYg==

slate-prop-types@^0.5.41:
  version "0.5.41"
  resolved "https://registry.yarnpkg.com/slate-prop-types/-/slate-prop-types-0.5.41.tgz#42031881e2fef4fa978a96b9aad84b093b4a5219"
  integrity sha512-fLcXlugO9btF5b/by+dA+n8fn2mET75VGWltqFNxGdl6ncyBtrGspWA7mLVRFSqQWOS/Ig4A3URCRumOBBCUfQ==

slate-react-placeholder@^0.2.8:
  version "0.2.8"
  resolved "https://registry.yarnpkg.com/slate-react-placeholder/-/slate-react-placeholder-0.2.8.tgz#973ac47c9a518a1418e89b6021b0f6120c07ce6f"
  integrity sha512-CZZSg5usE2ZY/AYg06NVcL9Wia6hD/Mg0w4D4e9rPh6hkkFJg8LZXYMRz+6Q4v1dqHmzRsZ2Ixa0jRuiKXsMaQ==

slate-react@^0.22.9:
  version "0.22.9"
  resolved "https://registry.yarnpkg.com/slate-react/-/slate-react-0.22.9.tgz#74cf7336b2d48f1dd3263141063d0b656effe350"
  integrity sha512-+2kRlgCCZld5i38PtmF4s3DmmD4DS6sO6ng26UlSfpG6g9gn9v9na7Gi0CtHAjuQrtLCv2wAC00GZbPIb/jnYw==
  dependencies:
    debug "^3.1.0"
    get-window "^1.1.1"
    is-window "^1.0.2"
    lodash "^4.1.1"
    memoize-one "^4.0.0"
    prop-types "^15.5.8"
    react-immutable-proptypes "^2.1.0"
    selection-is-backward "^1.0.0"
    slate-base64-serializer "^0.2.111"
    slate-dev-environment "^0.2.2"
    slate-hotkeys "^0.2.9"
    slate-plain-serializer "^0.7.10"
    slate-prop-types "^0.5.41"
    slate-react-placeholder "^0.2.8"
    tiny-invariant "^1.0.1"
    tiny-warning "^0.0.3"

slate@^0.47.8:
  version "0.47.8"
  resolved "https://registry.yarnpkg.com/slate/-/slate-0.47.8.tgz#1e987b74d8216d44ec56154f0e6d3c722ce21e6e"
  integrity sha512-/Jt0eq4P40qZvtzeKIvNb+1N97zVICulGQgQoMDH0TI8h8B+5kqa1YeckRdRnuvfYJm3J/9lWn2V3J1PrF+hag==
  dependencies:
    debug "^3.1.0"
    direction "^0.1.5"
    esrever "^0.2.0"
    is-plain-object "^2.0.4"
    lodash "^4.17.4"
    tiny-invariant "^1.0.1"
    tiny-warning "^0.0.3"
    type-of "^2.0.1"

source-map-support@^0.5.6:
  version "0.5.13"
  resolved "https://registry.yarnpkg.com/source-map-support/-/source-map-support-0.5.13.tgz#31b24a9c2e73c2de85066c0feb7d44767ed52932"
  integrity sha512-SHSKFHadjVA5oR4PPqhtAVdcBWwRYVd6g6cAXnIbRiIwc2EhPrTuKUBdSLvlEKyIP3GCf89fltvcZiP9MMFA1w==
  dependencies:
    buffer-from "^1.0.0"
    source-map "^0.6.0"

source-map@^0.6.0:
  version "0.6.1"
  resolved "https://registry.yarnpkg.com/source-map/-/source-map-0.6.1.tgz#74722af32e9614e9c287a8d0bbde48b5e2f1a263"
  integrity sha512-UjgapumWlbMhkBgzT7Ykc5YXUT46F0iKu8SGXq0bcwP5dz/h0Plj6enJqjz1Zbq2l5WaqYnrVbwWOWMyF3F47g==

sprintf-js@~1.0.2:
  version "1.0.3"
  resolved "https://registry.yarnpkg.com/sprintf-js/-/sprintf-js-1.0.3.tgz#04e6926f662895354f3dd015203633b857297e2c"
  integrity sha1-BOaSb2YolTVPPdAVIDYzuFcpfiw=

supports-color@^5.3.0:
  version "5.5.0"
  resolved "https://registry.yarnpkg.com/supports-color/-/supports-color-5.5.0.tgz#e2e69a44ac8772f78a1ec0b35b689df6530efc8f"
  integrity sha512-QjVjwdXIt408MIiAqCX4oUKsgU2EqAGzs2Ppkm4aQYbjm+ZEWEcW4SfFNTr4uMNZma0ey4f5lgLrkB0aX0QMow==
  dependencies:
    has-flag "^3.0.0"

tiny-invariant@^1.0.1:
  version "1.0.6"
  resolved "https://registry.yarnpkg.com/tiny-invariant/-/tiny-invariant-1.0.6.tgz#b3f9b38835e36a41c843a3b0907a5a7b3755de73"
  integrity sha512-FOyLWWVjG+aC0UqG76V53yAWdXfH8bO6FNmyZOuUrzDzK8DI3/JRY25UD7+g49JWM1LXwymsKERB+DzI0dTEQA==

tiny-warning@^0.0.3:
  version "0.0.3"
  resolved "https://registry.yarnpkg.com/tiny-warning/-/tiny-warning-0.0.3.tgz#1807eb4c5f81784a6354d58ea1d5024f18c6c81f"
  integrity sha512-r0SSA5Y5IWERF9Xh++tFPx0jITBgGggOsRLDWWew6YRw/C2dr4uNO1fw1vanrBmHsICmPyMLNBZboTlxUmUuaA==

ts-node@latest:
  version "8.4.1"
  resolved "https://registry.yarnpkg.com/ts-node/-/ts-node-8.4.1.tgz#270b0dba16e8723c9fa4f9b4775d3810fd994b4f"
  integrity sha512-5LpRN+mTiCs7lI5EtbXmF/HfMeCjzt7DH9CZwtkr6SywStrNQC723wG+aOWFiLNn7zT3kD/RnFqi3ZUfr4l5Qw==
  dependencies:
    arg "^4.1.0"
    diff "^4.0.1"
    make-error "^1.1.1"
    source-map-support "^0.5.6"
    yn "^3.0.0"

tslib@^1.8.0, tslib@^1.8.1, tslib@latest:
  version "1.10.0"
  resolved "https://registry.yarnpkg.com/tslib/-/tslib-1.10.0.tgz#c3c19f95973fb0a62973fb09d90d961ee43e5c8a"
  integrity sha512-qOebF53frne81cf0S9B41ByenJ3/IuH8yJKngAX35CmiZySA0khhkovshKK+jGCaMnVomla7gVlIcc3EvKPbTQ==

tslint@latest:
  version "5.20.0"
  resolved "https://registry.yarnpkg.com/tslint/-/tslint-5.20.0.tgz#fac93bfa79568a5a24e7be9cdde5e02b02d00ec1"
  integrity sha512-2vqIvkMHbnx8acMogAERQ/IuINOq6DFqgF8/VDvhEkBqQh/x6SP0Y+OHnKth9/ZcHQSroOZwUQSN18v8KKF0/g==
  dependencies:
    "@babel/code-frame" "^7.0.0"
    builtin-modules "^1.1.1"
    chalk "^2.3.0"
    commander "^2.12.1"
    diff "^4.0.1"
    glob "^7.1.1"
    js-yaml "^3.13.1"
    minimatch "^3.0.4"
    mkdirp "^0.5.1"
    resolve "^1.3.2"
    semver "^5.3.0"
    tslib "^1.8.0"
    tsutils "^2.29.0"

tsutils@^2.29.0:
  version "2.29.0"
  resolved "https://registry.yarnpkg.com/tsutils/-/tsutils-2.29.0.tgz#32b488501467acbedd4b85498673a0812aca0b99"
  integrity sha512-g5JVHCIJwzfISaXpXE1qvNalca5Jwob6FjI4AoPlqMusJ6ftFE7IkkFoMhVLRgK+4Kx3gkzb8UZK5t5yTTvEmA==
  dependencies:
    tslib "^1.8.1"

type-of@^2.0.1:
  version "2.0.1"
  resolved "https://registry.yarnpkg.com/type-of/-/type-of-2.0.1.tgz#e72a1741896568e9f628378d816d6912f7f23972"
  integrity sha1-5yoXQYllaOn2KDeNgW1pEvfyOXI=

typescript@latest:
  version "3.6.4"
  resolved "https://registry.yarnpkg.com/typescript/-/typescript-3.6.4.tgz#b18752bb3792bc1a0281335f7f6ebf1bbfc5b91d"
  integrity sha512-unoCll1+l+YK4i4F8f22TaNVPRHcD9PA3yCuZ8g5e0qGqlVlJ/8FSateOLLSagn+Yg5+ZwuPkL8LFUc0Jcvksg==

wrappy@1:
  version "1.0.2"
  resolved "https://registry.yarnpkg.com/wrappy/-/wrappy-1.0.2.tgz#b5243d8f3ec1aa35f1364605bc0d1036e30ab69f"
  integrity sha1-tSQ9jz7BqjXxNkYFvA0QNuMKtp8=

yn@^3.0.0:
  version "3.1.1"
  resolved "https://registry.yarnpkg.com/yn/-/yn-3.1.1.tgz#1e87401a09d767c1d5eab26a6e4c185182d2eb50"
  integrity sha512-Ux4ygGWsu2c7isFWe8Yu1YluJmqVhxqK2cLXNQA5AcC3QfbGNpM7fu0Y8b/z16pXLnFxZYvWhd3fhBY9DLmC6Q==
